
Microsoft Visual Studio Solution File, Format Version 12.00
# Visual Studio Version 16
VisualStudioVersion = 16.0.31005.135
MinimumVisualStudioVersion = 10.0.40219.1
Project("{FAE04EC0-301F-11D3-BF4B-00C04F79EFBC}") = "KelimeOyunu", "KelimeOyunu\KelimeOyunu.csproj", "{6A30F598-B4C3-48FA-9A24-83ECDBE3A161}"
EndProject
Global
	GlobalSection(SolutionConfigurationPlatforms) = preSolution
		Debug|Any CPU = Debug|Any CPU
		Release|Any CPU = Release|Any CPU
	EndGlobalSection
	GlobalSection(ProjectConfigurationPlatforms) = postSolution
		{6A30F598-B4C3-48FA-9A24-83ECDBE3A161}.Debug|Any CPU.ActiveCfg = Debug|Any CPU
		{6A30F598-B4C3-48FA-9A24-83ECDBE3A161}.Debug|Any CPU.Build.0 = Debug|Any CPU
		{6A30F598-B4C3-48FA-9A24-83ECDBE3A161}.Release|Any CPU.ActiveCfg = Release|Any CPU
		{6A30F598-B4C3-48FA-9A24-83ECDBE3A161}.Release|Any CPU.Build.0 = Release|Any CPU
	EndGlobalSection
	GlobalSection(SolutionProperties) = preSolution
		HideSolutionNode = FALSE
	EndGlobalSection
	GlobalSection(ExtensibilityGlobals) = postSolution
		SolutionGuid = {E3A709AB-9D9A-4BE7-8087-EB768F4F84EB}
	EndGlobalSection
EndGlobal
